
Microsoft Visual Studio Solution File, Format Version 12.00
# Visual Studio Version 16
VisualStudioVersion = 16.0.31729.503
MinimumVisualStudioVersion = 10.0.40219.1
Project("{FAE04EC0-301F-11D3-BF4B-00C04F79EFBC}") = "Quản lý cửa hàng mỹ phẩm", "Quản lý cửa hàng mỹ phẩm.csproj", "{C2F0748A-DA34-4CD9-9C2E-AE91139FBB52}"
EndProject
Project("{FAE04EC0-301F-11D3-BF4B-00C04F79EFBC}") = "BUS_Quan_Ly", "..\BUS_Quan_Ly\BUS_Quan_Ly.csproj", "{138D2240-245C-475D-97C5-4B8F239EAA04}"
EndProject
Project("{FAE04EC0-301F-11D3-BF4B-00C04F79EFBC}") = "DTO_Quan_ly", "..\DTO_Quan_ly\DTO_Quan_ly.csproj", "{BD44D7AA-BAC4-4938-8F57-C7624C411D1B}"
EndProject
Project("{FAE04EC0-301F-11D3-BF4B-00C04F79EFBC}") = "DAL_Quan_Ly", "..\DAL_Quan_Ly\DAL_Quan_Ly.csproj", "{7D44B558-F28E-466D-ACD9-F0B961127BCB}"
EndProject
Global
	GlobalSection(SolutionConfigurationPlatforms) = preSolution
		Debug|Any CPU = Debug|Any CPU
		Release|Any CPU = Release|Any CPU
	EndGlobalSection
	GlobalSection(ProjectConfigurationPlatforms) = postSolution
		{C2F0748A-DA34-4CD9-9C2E-AE91139FBB52}.Debug|Any CPU.ActiveCfg = Debug|Any CPU
		{C2F0748A-DA34-4CD9-9C2E-AE91139FBB52}.Debug|Any CPU.Build.0 = Debug|Any CPU
		{C2F0748A-DA34-4CD9-9C2E-AE91139FBB52}.Release|Any CPU.ActiveCfg = Release|Any CPU
		{C2F0748A-DA34-4CD9-9C2E-AE91139FBB52}.Release|Any CPU.Build.0 = Release|Any CPU
		{138D2240-245C-475D-97C5-4B8F239EAA04}.Debug|Any CPU.ActiveCfg = Debug|Any CPU
		{138D2240-245C-475D-97C5-4B8F239EAA04}.Debug|Any CPU.Build.0 = Debug|Any CPU
		{138D2240-245C-475D-97C5-4B8F239EAA04}.Release|Any CPU.ActiveCfg = Release|Any CPU
		{138D2240-245C-475D-97C5-4B8F239EAA04}.Release|Any CPU.Build.0 = Release|Any CPU
		{BD44D7AA-BAC4-4938-8F57-C7624C411D1B}.Debug|Any CPU.ActiveCfg = Debug|Any CPU
		{BD44D7AA-BAC4-4938-8F57-C7624C411D1B}.Debug|Any CPU.Build.0 = Debug|Any CPU
		{BD44D7AA-BAC4-4938-8F57-C7624C411D1B}.Release|Any CPU.ActiveCfg = Release|Any CPU
		{BD44D7AA-BAC4-4938-8F57-C7624C411D1B}.Release|Any CPU.Build.0 = Release|Any CPU
		{7D44B558-F28E-466D-ACD9-F0B961127BCB}.Debug|Any CPU.ActiveCfg = Debug|Any CPU
		{7D44B558-F28E-466D-ACD9-F0B961127BCB}.Debug|Any CPU.Build.0 = Debug|Any CPU
		{7D44B558-F28E-466D-ACD9-F0B961127BCB}.Release|Any CPU.ActiveCfg = Release|Any CPU
		{7D44B558-F28E-466D-ACD9-F0B961127BCB}.Release|Any CPU.Build.0 = Release|Any CPU
	EndGlobalSection
	GlobalSection(SolutionProperties) = preSolution
		HideSolutionNode = FALSE
	EndGlobalSection
	GlobalSection(ExtensibilityGlobals) = postSolution
		SolutionGuid = {3417E0B6-8BC2-4189-9692-F9305EE3A154}
	EndGlobalSection
EndGlobal
